
Microsoft Visual Studio Solution File, Format Version 12.00
# Visual Studio 2017
Project("{FAE04EC0-301F-11D3-BF4B-00C04F79EFBC}") = "ics162-project5.Plugins", "ics162-project5.Plugins.csproj", "{588ED1C9-C02A-F4D3-8A44-071C42716836}"
EndProject
Project("{FAE04EC0-301F-11D3-BF4B-00C04F79EFBC}") = "ics162-project5.Editor.Plugins", "ics162-project5.Editor.Plugins.csproj", "{F10EE03F-96CE-2DEF-FB6D-7C8550CF8FB2}"
EndProject
Global
	GlobalSection(SolutionConfigurationPlatforms) = preSolution
		Debug|Any CPU = Debug|Any CPU
		Release|Any CPU = Release|Any CPU
	EndGlobalSection
	GlobalSection(ProjectConfigurationPlatforms) = postSolution
		{588ED1C9-C02A-F4D3-8A44-071C42716836}.Debug|Any CPU.ActiveCfg = Debug|Any CPU
		{588ED1C9-C02A-F4D3-8A44-071C42716836}.Debug|Any CPU.Build.0 = Debug|Any CPU
		{588ED1C9-C02A-F4D3-8A44-071C42716836}.Release|Any CPU.ActiveCfg = Release|Any CPU
		{588ED1C9-C02A-F4D3-8A44-071C42716836}.Release|Any CPU.Build.0 = Release|Any CPU
		{F10EE03F-96CE-2DEF-FB6D-7C8550CF8FB2}.Debug|Any CPU.ActiveCfg = Debug|Any CPU
		{F10EE03F-96CE-2DEF-FB6D-7C8550CF8FB2}.Debug|Any CPU.Build.0 = Debug|Any CPU
		{F10EE03F-96CE-2DEF-FB6D-7C8550CF8FB2}.Release|Any CPU.ActiveCfg = Release|Any CPU
		{F10EE03F-96CE-2DEF-FB6D-7C8550CF8FB2}.Release|Any CPU.Build.0 = Release|Any CPU
	EndGlobalSection
	GlobalSection(SolutionProperties) = preSolution
		HideSolutionNode = FALSE
	EndGlobalSection
EndGlobal
