
Microsoft Visual Studio Solution File, Format Version 11.00
# Visual Studio 2010
Project("{FAE04EC0-301F-11D3-BF4B-00C04F79EFBC}") = "ics162-project5", "Assembly-CSharp-firstpass.csproj", "{524A4697-D785-ACD3-A8B2-2E568AD1DB54}"
EndProject
Project("{FAE04EC0-301F-11D3-BF4B-00C04F79EFBC}") = "ics162-project5", "Assembly-CSharp.csproj", "{3390E48D-0455-4C19-1DE9-937F5A89081B}"
EndProject
Project("{FAE04EC0-301F-11D3-BF4B-00C04F79EFBC}") = "ics162-project5", "Assembly-CSharp-Editor-firstpass.csproj", "{B7739432-7856-3AC6-6185-93D142B5C578}"
EndProject
Global
	GlobalSection(SolutionConfigurationPlatforms) = preSolution
		Debug|Any CPU = Debug|Any CPU
		Release|Any CPU = Release|Any CPU
	EndGlobalSection
	GlobalSection(ProjectConfigurationPlatforms) = postSolution
		{524A4697-D785-ACD3-A8B2-2E568AD1DB54}.Debug|Any CPU.ActiveCfg = Debug|Any CPU
		{524A4697-D785-ACD3-A8B2-2E568AD1DB54}.Debug|Any CPU.Build.0 = Debug|Any CPU
		{524A4697-D785-ACD3-A8B2-2E568AD1DB54}.Release|Any CPU.ActiveCfg = Release|Any CPU
		{524A4697-D785-ACD3-A8B2-2E568AD1DB54}.Release|Any CPU.Build.0 = Release|Any CPU
		{3390E48D-0455-4C19-1DE9-937F5A89081B}.Debug|Any CPU.ActiveCfg = Debug|Any CPU
		{3390E48D-0455-4C19-1DE9-937F5A89081B}.Debug|Any CPU.Build.0 = Debug|Any CPU
		{3390E48D-0455-4C19-1DE9-937F5A89081B}.Release|Any CPU.ActiveCfg = Release|Any CPU
		{3390E48D-0455-4C19-1DE9-937F5A89081B}.Release|Any CPU.Build.0 = Release|Any CPU
		{B7739432-7856-3AC6-6185-93D142B5C578}.Debug|Any CPU.ActiveCfg = Debug|Any CPU
		{B7739432-7856-3AC6-6185-93D142B5C578}.Debug|Any CPU.Build.0 = Debug|Any CPU
		{B7739432-7856-3AC6-6185-93D142B5C578}.Release|Any CPU.ActiveCfg = Release|Any CPU
		{B7739432-7856-3AC6-6185-93D142B5C578}.Release|Any CPU.Build.0 = Release|Any CPU
	EndGlobalSection
	GlobalSection(SolutionProperties) = preSolution
		HideSolutionNode = FALSE
	EndGlobalSection
	GlobalSection(MonoDevelopProperties) = preSolution
		StartupItem = Assembly-CSharp.csproj
	EndGlobalSection
EndGlobal
